
Microsoft Visual Studio Solution File, Format Version 12.00
# Visual Studio 15
VisualStudioVersion = 15.0.26730.16
MinimumVisualStudioVersion = 10.0.40219.1
Project("{FAE04EC0-301F-11D3-BF4B-00C04F79EFBC}") = "Activity_Simulator", "WpfApp1\Activity_Simulator.csproj", "{999EC91C-C03C-4C5B-B5C0-1DE2D6688384}"
EndProject
Global
	GlobalSection(SolutionConfigurationPlatforms) = preSolution
		Debug|Any CPU = Debug|Any CPU
		Release|Any CPU = Release|Any CPU
	EndGlobalSection
	GlobalSection(ProjectConfigurationPlatforms) = postSolution
		{999EC91C-C03C-4C5B-B5C0-1DE2D6688384}.Debug|Any CPU.ActiveCfg = Debug|Any CPU
		{999EC91C-C03C-4C5B-B5C0-1DE2D6688384}.Debug|Any CPU.Build.0 = Debug|Any CPU
		{999EC91C-C03C-4C5B-B5C0-1DE2D6688384}.Release|Any CPU.ActiveCfg = Release|Any CPU
		{999EC91C-C03C-4C5B-B5C0-1DE2D6688384}.Release|Any CPU.Build.0 = Release|Any CPU
	EndGlobalSection
	GlobalSection(SolutionProperties) = preSolution
		HideSolutionNode = FALSE
	EndGlobalSection
	GlobalSection(ExtensibilityGlobals) = postSolution
		SolutionGuid = {BB72AE16-AEA9-4C2B-81A6-57656092CF37}
	EndGlobalSection
EndGlobal
